// !$*UTF8*$!
{
	archiveVersion = 1;
	classes = {
	};
	objectVersion = 50;
	objects = {

/* Begin PBXBuildFile section */
		7006C9B1210C14DD00178223 /* WS_CryptoCompare.swift in Sources */ = {isa = PBXBuildFile; fileRef = 7006C9B0210C14DD00178223 /* WS_CryptoCompare.swift */; };
		7006C9B5210CFE1F00178223 /* Graph.swift in Sources */ = {isa = PBXBuildFile; fileRef = 7006C9B4210CFE1F00178223 /* Graph.swift */; };
		705C5E4C20F6F05400FEF60B /* HomeDashboard.swift in Sources */ = {isa = PBXBuildFile; fileRef = 705C5E4B20F6F05400FEF60B /* HomeDashboard.swift */; };
		705C5E4E20F6F46400FEF60B /* DashboardGraphCell.swift in Sources */ = {isa = PBXBuildFile; fileRef = 705C5E4D20F6F46400FEF60B /* DashboardGraphCell.swift */; };
		70B601F720F2724200E255E8 /* AppDelegate.swift in Sources */ = {isa = PBXBuildFile; fileRef = 70B601F620F2724200E255E8 /* AppDelegate.swift */; };
		70B601F920F2724200E255E8 /* HomeVC.swift in Sources */ = {isa = PBXBuildFile; fileRef = 70B601F820F2724200E255E8 /* HomeVC.swift */; };
		70B601FC20F2724200E255E8 /* Main.storyboard in Resources */ = {isa = PBXBuildFile; fileRef = 70B601FA20F2724200E255E8 /* Main.storyboard */; };
		70B601FF20F2724200E255E8 /* Lunar.xcdatamodeld in Sources */ = {isa = PBXBuildFile; fileRef = 70B601FD20F2724200E255E8 /* Lunar.xcdatamodeld */; };
		70B6020120F2724300E255E8 /* Assets.xcassets in Resources */ = {isa = PBXBuildFile; fileRef = 70B6020020F2724300E255E8 /* Assets.xcassets */; };
		70B6020420F2724300E255E8 /* LaunchScreen.storyboard in Resources */ = {isa = PBXBuildFile; fileRef = 70B6020220F2724300E255E8 /* LaunchScreen.storyboard */; };
		70B6020C20F2787100E255E8 /* WS_CoinMarketCap.swift in Sources */ = {isa = PBXBuildFile; fileRef = 70B6020B20F2787100E255E8 /* WS_CoinMarketCap.swift */; };
		70CB1D0F20FC19D80002657B /* Simple_Tech.otf in Resources */ = {isa = PBXBuildFile; fileRef = 70CB1D0E20FC19D80002657B /* Simple_Tech.otf */; };
		70CB1D1120FC1AD70002657B /* General_Properties.swift in Sources */ = {isa = PBXBuildFile; fileRef = 70CB1D1020FC1AD70002657B /* General_Properties.swift */; };
		70CF13B22106C760007453DB /* futureforcescondital.ttf in Resources */ = {isa = PBXBuildFile; fileRef = 70CF13B12106C760007453DB /* futureforcescondital.ttf */; };
		70F6AD0420F2FEE200BEB7D7 /* MenuView.swift in Sources */ = {isa = PBXBuildFile; fileRef = 70F6AD0320F2FEE200BEB7D7 /* MenuView.swift */; };
/* End PBXBuildFile section */

/* Begin PBXFileReference section */
		7006C9B0210C14DD00178223 /* WS_CryptoCompare.swift */ = {isa = PBXFileReference; lastKnownFileType = sourcecode.swift; path = WS_CryptoCompare.swift; sourceTree = "<group>"; };
		7006C9B4210CFE1F00178223 /* Graph.swift */ = {isa = PBXFileReference; lastKnownFileType = sourcecode.swift; path = Graph.swift; sourceTree = "<group>"; };
		705C5E4B20F6F05400FEF60B /* HomeDashboard.swift */ = {isa = PBXFileReference; lastKnownFileType = sourcecode.swift; path = HomeDashboard.swift; sourceTree = "<group>"; };
		705C5E4D20F6F46400FEF60B /* DashboardGraphCell.swift */ = {isa = PBXFileReference; lastKnownFileType = sourcecode.swift; path = DashboardGraphCell.swift; sourceTree = "<group>"; };
		70B601F320F2724200E255E8 /* Lunar.app */ = {isa = PBXFileReference; explicitFileType = wrapper.application; includeInIndex = 0; path = Lunar.app; sourceTree = BUILT_PRODUCTS_DIR; };
		70B601F620F2724200E255E8 /* AppDelegate.swift */ = {isa = PBXFileReference; lastKnownFileType = sourcecode.swift; path = AppDelegate.swift; sourceTree = "<group>"; };
		70B601F820F2724200E255E8 /* HomeVC.swift */ = {isa = PBXFileReference; lastKnownFileType = sourcecode.swift; path = HomeVC.swift; sourceTree = "<group>"; };
		70B601FB20F2724200E255E8 /* Base */ = {isa = PBXFileReference; lastKnownFileType = file.storyboard; name = Base; path = Base.lproj/Main.storyboard; sourceTree = "<group>"; };
		70B601FE20F2724200E255E8 /* Lunar.xcdatamodel */ = {isa = PBXFileReference; lastKnownFileType = wrapper.xcdatamodel; path = Lunar.xcdatamodel; sourceTree = "<group>"; };
		70B6020020F2724300E255E8 /* Assets.xcassets */ = {isa = PBXFileReference; lastKnownFileType = folder.assetcatalog; path = Assets.xcassets; sourceTree = "<group>"; };
		70B6020320F2724300E255E8 /* Base */ = {isa = PBXFileReference; lastKnownFileType = file.storyboard; name = Base; path = Base.lproj/LaunchScreen.storyboard; sourceTree = "<group>"; };
		70B6020520F2724300E255E8 /* Info.plist */ = {isa = PBXFileReference; lastKnownFileType = text.plist.xml; path = Info.plist; sourceTree = "<group>"; };
		70B6020B20F2787100E255E8 /* WS_CoinMarketCap.swift */ = {isa = PBXFileReference; lastKnownFileType = sourcecode.swift; path = WS_CoinMarketCap.swift; sourceTree = "<group>"; };
		70CB1D0E20FC19D80002657B /* Simple_Tech.otf */ = {isa = PBXFileReference; lastKnownFileType = file; path = Simple_Tech.otf; sourceTree = "<group>"; };
		70CB1D1020FC1AD70002657B /* General_Properties.swift */ = {isa = PBXFileReference; lastKnownFileType = sourcecode.swift; path = General_Properties.swift; sourceTree = "<group>"; };
		70CF13B12106C760007453DB /* futureforcescondital.ttf */ = {isa = PBXFileReference; lastKnownFileType = file; path = futureforcescondital.ttf; sourceTree = "<group>"; };
		70F6AD0320F2FEE200BEB7D7 /* MenuView.swift */ = {isa = PBXFileReference; lastKnownFileType = sourcecode.swift; path = MenuView.swift; sourceTree = "<group>"; };
/* End PBXFileReference section */

/* Begin PBXFrameworksBuildPhase section */
		70B601F020F2724200E255E8 /* Frameworks */ = {
			isa = PBXFrameworksBuildPhase;
			buildActionMask = 2147483647;
			files = (
			);
			runOnlyForDeploymentPostprocessing = 0;
		};
/* End PBXFrameworksBuildPhase section */

/* Begin PBXGroup section */
		7006C9B2210CFDC100178223 /* WebServices */ = {
			isa = PBXGroup;
			children = (
				70B6020B20F2787100E255E8 /* WS_CoinMarketCap.swift */,
				7006C9B0210C14DD00178223 /* WS_CryptoCompare.swift */,
			);
			path = WebServices;
			sourceTree = "<group>";
		};
		7006C9B3210CFDD300178223 /* HomeVC */ = {
			isa = PBXGroup;
			children = (
				70B601F820F2724200E255E8 /* HomeVC.swift */,
				7006C9B4210CFE1F00178223 /* Graph.swift */,
			);
			path = HomeVC;
			sourceTree = "<group>";
		};
		70B601EA20F2724200E255E8 = {
			isa = PBXGroup;
			children = (
				70B601F520F2724200E255E8 /* Lunar */,
				70B601F420F2724200E255E8 /* Products */,
			);
			sourceTree = "<group>";
		};
		70B601F420F2724200E255E8 /* Products */ = {
			isa = PBXGroup;
			children = (
				70B601F320F2724200E255E8 /* Lunar.app */,
			);
			name = Products;
			sourceTree = "<group>";
		};
		70B601F520F2724200E255E8 /* Lunar */ = {
			isa = PBXGroup;
			children = (
				70B601F620F2724200E255E8 /* AppDelegate.swift */,
				70CB1D0E20FC19D80002657B /* Simple_Tech.otf */,
				70CF13B12106C760007453DB /* futureforcescondital.ttf */,
				70CB1D1020FC1AD70002657B /* General_Properties.swift */,
				7006C9B2210CFDC100178223 /* WebServices */,
				7006C9B3210CFDD300178223 /* HomeVC */,
				70CB1D0C20FC067D0002657B /* Dashboard */,
				70F6AD0320F2FEE200BEB7D7 /* MenuView.swift */,
				70B601FA20F2724200E255E8 /* Main.storyboard */,
				70B6020020F2724300E255E8 /* Assets.xcassets */,
				70B6020220F2724300E255E8 /* LaunchScreen.storyboard */,
				70B6020520F2724300E255E8 /* Info.plist */,
				70B601FD20F2724200E255E8 /* Lunar.xcdatamodeld */,
			);
			path = Lunar;
			sourceTree = "<group>";
		};
		70CB1D0C20FC067D0002657B /* Dashboard */ = {
			isa = PBXGroup;
			children = (
				705C5E4B20F6F05400FEF60B /* HomeDashboard.swift */,
				70CB1D0D20FC06910002657B /* Dashboard Cells */,
			);
			path = Dashboard;
			sourceTree = "<group>";
		};
		70CB1D0D20FC06910002657B /* Dashboard Cells */ = {
			isa = PBXGroup;
			children = (
				705C5E4D20F6F46400FEF60B /* DashboardGraphCell.swift */,
			);
			path = "Dashboard Cells";
			sourceTree = "<group>";
		};
/* End PBXGroup section */

/* Begin PBXNativeTarget section */
		70B601F220F2724200E255E8 /* Lunar */ = {
			isa = PBXNativeTarget;
			buildConfigurationList = 70B6020820F2724300E255E8 /* Build configuration list for PBXNativeTarget "Lunar" */;
			buildPhases = (
				70B601EF20F2724200E255E8 /* Sources */,
				70B601F020F2724200E255E8 /* Frameworks */,
				70B601F120F2724200E255E8 /* Resources */,
			);
			buildRules = (
			);
			dependencies = (
			);
			name = Lunar;
			productName = Lunar;
			productReference = 70B601F320F2724200E255E8 /* Lunar.app */;
			productType = "com.apple.product-type.application";
		};
/* End PBXNativeTarget section */

/* Begin PBXProject section */
		70B601EB20F2724200E255E8 /* Project object */ = {
			isa = PBXProject;
			attributes = {
				LastSwiftUpdateCheck = 0940;
				LastUpgradeCheck = 0940;
				ORGANIZATIONNAME = DLEE;
				TargetAttributes = {
					70B601F220F2724200E255E8 = {
						CreatedOnToolsVersion = 9.4.1;
					};
				};
			};
			buildConfigurationList = 70B601EE20F2724200E255E8 /* Build configuration list for PBXProject "Lunar" */;
			compatibilityVersion = "Xcode 9.3";
			developmentRegion = en;
			hasScannedForEncodings = 0;
			knownRegions = (
				en,
				Base,
			);
			mainGroup = 70B601EA20F2724200E255E8;
			productRefGroup = 70B601F420F2724200E255E8 /* Products */;
			projectDirPath = "";
			projectRoot = "";
			targets = (
				70B601F220F2724200E255E8 /* Lunar */,
			);
		};
/* End PBXProject section */

/* Begin PBXResourcesBuildPhase section */
		70B601F120F2724200E255E8 /* Resources */ = {
			isa = PBXResourcesBuildPhase;
			buildActionMask = 2147483647;
			files = (
				70CF13B22106C760007453DB /* futureforcescondital.ttf in Resources */,
				70B6020420F2724300E255E8 /* LaunchScreen.storyboard in Resources */,
				70B6020120F2724300E255E8 /* Assets.xcassets in Resources */,
				70B601FC20F2724200E255E8 /* Main.storyboard in Resources */,
				70CB1D0F20FC19D80002657B /* Simple_Tech.otf in Resources */,
			);
			runOnlyForDeploymentPostprocessing = 0;
		};
/* End PBXResourcesBuildPhase section */

/* Begin PBXSourcesBuildPhase section */
		70B601EF20F2724200E255E8 /* Sources */ = {
			isa = PBXSourcesBuildPhase;
			buildActionMask = 2147483647;
			files = (
				70F6AD0420F2FEE200BEB7D7 /* MenuView.swift in Sources */,
				70B601F920F2724200E255E8 /* HomeVC.swift in Sources */,
				70B601F720F2724200E255E8 /* AppDelegate.swift in Sources */,
				7006C9B1210C14DD00178223 /* WS_CryptoCompare.swift in Sources */,
				7006C9B5210CFE1F00178223 /* Graph.swift in Sources */,
				705C5E4C20F6F05400FEF60B /* HomeDashboard.swift in Sources */,
				70B601FF20F2724200E255E8 /* Lunar.xcdatamodeld in Sources */,
				70CB1D1120FC1AD70002657B /* General_Properties.swift in Sources */,
				705C5E4E20F6F46400FEF60B /* DashboardGraphCell.swift in Sources */,
				70B6020C20F2787100E255E8 /* WS_CoinMarketCap.swift in Sources */,
			);
			runOnlyForDeploymentPostprocessing = 0;
		};
/* End PBXSourcesBuildPhase section */

/* Begin PBXVariantGroup section */
		70B601FA20F2724200E255E8 /* Main.storyboard */ = {
			isa = PBXVariantGroup;
			children = (
				70B601FB20F2724200E255E8 /* Base */,
			);
			name = Main.storyboard;
			sourceTree = "<group>";
		};
		70B6020220F2724300E255E8 /* LaunchScreen.storyboard */ = {
			isa = PBXVariantGroup;
			children = (
				70B6020320F2724300E255E8 /* Base */,
			);
			name = LaunchScreen.storyboard;
			sourceTree = "<group>";
		};
/* End PBXVariantGroup section */

/* Begin XCBuildConfiguration section */
		70B6020620F2724300E255E8 /* Debug */ = {
			isa = XCBuildConfiguration;
			buildSettings = {
				ALWAYS_SEARCH_USER_PATHS = NO;
				CLANG_ANALYZER_NONNULL = YES;
				CLANG_ANALYZER_NUMBER_OBJECT_CONVERSION = YES_AGGRESSIVE;
				CLANG_CXX_LANGUAGE_STANDARD = "gnu++14";
				CLANG_CXX_LIBRARY = "libc++";
				CLANG_ENABLE_MODULES = YES;
				CLANG_ENABLE_OBJC_ARC = YES;
				CLANG_ENABLE_OBJC_WEAK = YES;
				CLANG_WARN_BLOCK_CAPTURE_AUTORELEASING = YES;
				CLANG_WARN_BOOL_CONVERSION = YES;
				CLANG_WARN_COMMA = YES;
				CLANG_WARN_CONSTANT_CONVERSION = YES;
				CLANG_WARN_DEPRECATED_OBJC_IMPLEMENTATIONS = YES;
				CLANG_WARN_DIRECT_OBJC_ISA_USAGE = YES_ERROR;
				CLANG_WARN_DOCUMENTATION_COMMENTS = YES;
				CLANG_WARN_EMPTY_BODY = YES;
				CLANG_WARN_ENUM_CONVERSION = YES;
				CLANG_WARN_INFINITE_RECURSION = YES;
				CLANG_WARN_INT_CONVERSION = YES;
				CLANG_WARN_NON_LITERAL_NULL_CONVERSION = YES;
				CLANG_WARN_OBJC_IMPLICIT_RETAIN_SELF = YES;
				CLANG_WARN_OBJC_LITERAL_CONVERSION = YES;
				CLANG_WARN_OBJC_ROOT_CLASS = YES_ERROR;
				CLANG_WARN_RANGE_LOOP_ANALYSIS = YES;
				CLANG_WARN_STRICT_PROTOTYPES = YES;
				CLANG_WARN_SUSPICIOUS_MOVE = YES;
				CLANG_WARN_UNGUARDED_AVAILABILITY = YES_AGGRESSIVE;
				CLANG_WARN_UNREACHABLE_CODE = YES;
				CLANG_WARN__DUPLICATE_METHOD_MATCH = YES;
				CODE_SIGN_IDENTITY = "iPhone Developer";
				COPY_PHASE_STRIP = NO;
				DEBUG_INFORMATION_FORMAT = dwarf;
				ENABLE_STRICT_OBJC_MSGSEND = YES;
				ENABLE_TESTABILITY = YES;
				GCC_C_LANGUAGE_STANDARD = gnu11;
				GCC_DYNAMIC_NO_PIC = NO;
				GCC_NO_COMMON_BLOCKS = YES;
				GCC_OPTIMIZATION_LEVEL = 0;
				GCC_PREPROCESSOR_DEFINITIONS = (
					"DEBUG=1",
					"$(inherited)",
				);
				GCC_WARN_64_TO_32_BIT_CONVERSION = YES;
				GCC_WARN_ABOUT_RETURN_TYPE = YES_ERROR;
				GCC_WARN_UNDECLARED_SELECTOR = YES;
				GCC_WARN_UNINITIALIZED_AUTOS = YES_AGGRESSIVE;
				GCC_WARN_UNUSED_FUNCTION = YES;
				GCC_WARN_UNUSED_VARIABLE = YES;
				IPHONEOS_DEPLOYMENT_TARGET = 11.4;
				MTL_ENABLE_DEBUG_INFO = YES;
				ONLY_ACTIVE_ARCH = YES;
				SDKROOT = iphoneos;
				SWIFT_ACTIVE_COMPILATION_CONDITIONS = DEBUG;
				SWIFT_OPTIMIZATION_LEVEL = "-Onone";
			};
			name = Debug;
		};
		70B6020720F2724300E255E8 /* Release */ = {
			isa = XCBuildConfiguration;
			buildSettings = {
				ALWAYS_SEARCH_USER_PATHS = NO;
				CLANG_ANALYZER_NONNULL = YES;
				CLANG_ANALYZER_NUMBER_OBJECT_CONVERSION = YES_AGGRESSIVE;
				CLANG_CXX_LANGUAGE_STANDARD = "gnu++14";
				CLANG_CXX_LIBRARY = "libc++";
				CLANG_ENABLE_MODULES = YES;
				CLANG_ENABLE_OBJC_ARC = YES;
				CLANG_ENABLE_OBJC_WEAK = YES;
				CLANG_WARN_BLOCK_CAPTURE_AUTORELEASING = YES;
				CLANG_WARN_BOOL_CONVERSION = YES;
				CLANG_WARN_COMMA = YES;
				CLANG_WARN_CONSTANT_CONVERSION = YES;
				CLANG_WARN_DEPRECATED_OBJC_IMPLEMENTATIONS = YES;
				CLANG_WARN_DIRECT_OBJC_ISA_USAGE = YES_ERROR;
				CLANG_WARN_DOCUMENTATION_COMMENTS = YES;
				CLANG_WARN_EMPTY_BODY = YES;
				CLANG_WARN_ENUM_CONVERSION = YES;
				CLANG_WARN_INFINITE_RECURSION = YES;
				CLANG_WARN_INT_CONVERSION = YES;
				CLANG_WARN_NON_LITERAL_NULL_CONVERSION = YES;
				CLANG_WARN_OBJC_IMPLICIT_RETAIN_SELF = YES;
				CLANG_WARN_OBJC_LITERAL_CONVERSION = YES;
				CLANG_WARN_OBJC_ROOT_CLASS = YES_ERROR;
				CLANG_WARN_RANGE_LOOP_ANALYSIS = YES;
				CLANG_WARN_STRICT_PROTOTYPES = YES;
				CLANG_WARN_SUSPICIOUS_MOVE = YES;
				CLANG_WARN_UNGUARDED_AVAILABILITY = YES_AGGRESSIVE;
				CLANG_WARN_UNREACHABLE_CODE = YES;
				CLANG_WARN__DUPLICATE_METHOD_MATCH = YES;
				CODE_SIGN_IDENTITY = "iPhone Developer";
				COPY_PHASE_STRIP = NO;
				DEBUG_INFORMATION_FORMAT = "dwarf-with-dsym";
				ENABLE_NS_ASSERTIONS = NO;
				ENABLE_STRICT_OBJC_MSGSEND = YES;
				GCC_C_LANGUAGE_STANDARD = gnu11;
				GCC_NO_COMMON_BLOCKS = YES;
				GCC_WARN_64_TO_32_BIT_CONVERSION = YES;
				GCC_WARN_ABOUT_RETURN_TYPE = YES_ERROR;
				GCC_WARN_UNDECLARED_SELECTOR = YES;
				GCC_WARN_UNINITIALIZED_AUTOS = YES_AGGRESSIVE;
				GCC_WARN_UNUSED_FUNCTION = YES;
				GCC_WARN_UNUSED_VARIABLE = YES;
				IPHONEOS_DEPLOYMENT_TARGET = 11.4;
				MTL_ENABLE_DEBUG_INFO = NO;
				SDKROOT = iphoneos;
				SWIFT_COMPILATION_MODE = wholemodule;
				SWIFT_OPTIMIZATION_LEVEL = "-O";
				VALIDATE_PRODUCT = YES;
			};
			name = Release;
		};
		70B6020920F2724300E255E8 /* Debug */ = {
			isa = XCBuildConfiguration;
			buildSettings = {
				ASSETCATALOG_COMPILER_APPICON_NAME = AppIcon;
				CODE_SIGN_STYLE = Automatic;
				DEVELOPMENT_TEAM = 76EM9P9GMZ;
				INFOPLIST_FILE = Lunar/Info.plist;
				LD_RUNPATH_SEARCH_PATHS = (
					"$(inherited)",
					"@executable_path/Frameworks",
				);
				PRODUCT_BUNDLE_IDENTIFIER = dlee923.Lunar;
				PRODUCT_NAME = "$(TARGET_NAME)";
				SWIFT_VERSION = 4.0;
				TARGETED_DEVICE_FAMILY = "1,2";
			};
			name = Debug;
		};
		70B6020A20F2724300E255E8 /* Release */ = {
			isa = XCBuildConfiguration;
			buildSettings = {
				ASSETCATALOG_COMPILER_APPICON_NAME = AppIcon;
				CODE_SIGN_STYLE = Automatic;
				DEVELOPMENT_TEAM = 76EM9P9GMZ;
				INFOPLIST_FILE = Lunar/Info.plist;
				LD_RUNPATH_SEARCH_PATHS = (
					"$(inherited)",
					"@executable_path/Frameworks",
				);
				PRODUCT_BUNDLE_IDENTIFIER = dlee923.Lunar;
				PRODUCT_NAME = "$(TARGET_NAME)";
				SWIFT_VERSION = 4.0;
				TARGETED_DEVICE_FAMILY = "1,2";
			};
			name = Release;
		};
/* End XCBuildConfiguration section */

/* Begin XCConfigurationList section */
		70B601EE20F2724200E255E8 /* Build configuration list for PBXProject "Lunar" */ = {
			isa = XCConfigurationList;
			buildConfigurations = (
				70B6020620F2724300E255E8 /* Debug */,
				70B6020720F2724300E255E8 /* Release */,
			);
			defaultConfigurationIsVisible = 0;
			defaultConfigurationName = Release;
		};
		70B6020820F2724300E255E8 /* Build configuration list for PBXNativeTarget "Lunar" */ = {
			isa = XCConfigurationList;
			buildConfigurations = (
				70B6020920F2724300E255E8 /* Debug */,
				70B6020A20F2724300E255E8 /* Release */,
			);
			defaultConfigurationIsVisible = 0;
			defaultConfigurationName = Release;
		};
/* End XCConfigurationList section */

/* Begin XCVersionGroup section */
		70B601FD20F2724200E255E8 /* Lunar.xcdatamodeld */ = {
			isa = XCVersionGroup;
			children = (
				70B601FE20F2724200E255E8 /* Lunar.xcdatamodel */,
			);
			currentVersion = 70B601FE20F2724200E255E8 /* Lunar.xcdatamodel */;
			path = Lunar.xcdatamodeld;
			sourceTree = "<group>";
			versionGroupType = wrapper.xcdatamodel;
		};
/* End XCVersionGroup section */
	};
	rootObject = 70B601EB20F2724200E255E8 /* Project object */;
}
